
Microsoft Visual Studio Solution File, Format Version 12.00
# Visual Studio 15
VisualStudioVersion = 15.0.26730.16
MinimumVisualStudioVersion = 10.0.40219.1
Project("{FAE04EC0-301F-11D3-BF4B-00C04F79EFBC}") = "DesignModeInCSharp", "DesignModeInCSharp\DesignModeInCSharp.csproj", "{58835F76-E9FA-44FD-813E-06A1649BD36E}"
EndProject
Global
	GlobalSection(SolutionConfigurationPlatforms) = preSolution
		Debug|Any CPU = Debug|Any CPU
		Release|Any CPU = Release|Any CPU
	EndGlobalSection
	GlobalSection(ProjectConfigurationPlatforms) = postSolution
		{58835F76-E9FA-44FD-813E-06A1649BD36E}.Debug|Any CPU.ActiveCfg = Debug|Any CPU
		{58835F76-E9FA-44FD-813E-06A1649BD36E}.Debug|Any CPU.Build.0 = Debug|Any CPU
		{58835F76-E9FA-44FD-813E-06A1649BD36E}.Release|Any CPU.ActiveCfg = Release|Any CPU
		{58835F76-E9FA-44FD-813E-06A1649BD36E}.Release|Any CPU.Build.0 = Release|Any CPU
	EndGlobalSection
	GlobalSection(SolutionProperties) = preSolution
		HideSolutionNode = FALSE
	EndGlobalSection
	GlobalSection(ExtensibilityGlobals) = postSolution
		SolutionGuid = {AD50A31C-18E4-4A60-9910-F7FBF89BF675}
	EndGlobalSection
EndGlobal
